// !$*UTF8*$!
{
	archiveVersion = 1;
	classes = {
	};
	objectVersion = 56;
	objects = {

/* Begin PBXBuildFile section */
		8B41538E29F93A2E00FD6DD8 /* AppDelegate.swift in Sources */ = {isa = PBXBuildFile; fileRef = 8B41538D29F93A2E00FD6DD8 /* AppDelegate.swift */; };
		8B41539029F93A2E00FD6DD8 /* SceneDelegate.swift in Sources */ = {isa = PBXBuildFile; fileRef = 8B41538F29F93A2E00FD6DD8 /* SceneDelegate.swift */; };
		8B41539229F93A2E00FD6DD8 /* TracksViewController.swift in Sources */ = {isa = PBXBuildFile; fileRef = 8B41539129F93A2E00FD6DD8 /* TracksViewController.swift */; };
		8B41539529F93A2E00FD6DD8 /* Main.storyboard in Resources */ = {isa = PBXBuildFile; fileRef = 8B41539329F93A2E00FD6DD8 /* Main.storyboard */; };
		8B41539729F93A2F00FD6DD8 /* Assets.xcassets in Resources */ = {isa = PBXBuildFile; fileRef = 8B41539629F93A2F00FD6DD8 /* Assets.xcassets */; };
		8B41539A29F93A2F00FD6DD8 /* LaunchScreen.storyboard in Resources */ = {isa = PBXBuildFile; fileRef = 8B41539829F93A2F00FD6DD8 /* LaunchScreen.storyboard */; };
		8B4153A629F93AF700FD6DD8 /* TracksViewModel.swift in Sources */ = {isa = PBXBuildFile; fileRef = 8B4153A529F93AF700FD6DD8 /* TracksViewModel.swift */; };
		8B4153A829F93B3900FD6DD8 /* Track.swift in Sources */ = {isa = PBXBuildFile; fileRef = 8B4153A729F93B3900FD6DD8 /* Track.swift */; };
		8B4153AB29F93D8000FD6DD8 /* TrackService.swift in Sources */ = {isa = PBXBuildFile; fileRef = 8B4153AA29F93D8000FD6DD8 /* TrackService.swift */; };
		8B4153AD29F94BA500FD6DD8 /* 1.txt in Resources */ = {isa = PBXBuildFile; fileRef = 8B4153AC29F94BA400FD6DD8 /* 1.txt */; };
		8B4153B129F94F1400FD6DD8 /* TrackCell.swift in Sources */ = {isa = PBXBuildFile; fileRef = 8B4153AF29F94F1400FD6DD8 /* TrackCell.swift */; };
		8B4153B229F94F1400FD6DD8 /* TrackCell.xib in Resources */ = {isa = PBXBuildFile; fileRef = 8B4153B029F94F1400FD6DD8 /* TrackCell.xib */; };
		8B4153B429F950BD00FD6DD8 /* Constants.swift in Sources */ = {isa = PBXBuildFile; fileRef = 8B4153B329F950BD00FD6DD8 /* Constants.swift */; };
/* End PBXBuildFile section */

/* Begin PBXFileReference section */
		8B41538A29F93A2E00FD6DD8 /* iTunes.app */ = {isa = PBXFileReference; explicitFileType = wrapper.application; includeInIndex = 0; path = iTunes.app; sourceTree = BUILT_PRODUCTS_DIR; };
		8B41538D29F93A2E00FD6DD8 /* AppDelegate.swift */ = {isa = PBXFileReference; lastKnownFileType = sourcecode.swift; path = AppDelegate.swift; sourceTree = "<group>"; };
		8B41538F29F93A2E00FD6DD8 /* SceneDelegate.swift */ = {isa = PBXFileReference; lastKnownFileType = sourcecode.swift; path = SceneDelegate.swift; sourceTree = "<group>"; };
		8B41539129F93A2E00FD6DD8 /* TracksViewController.swift */ = {isa = PBXFileReference; lastKnownFileType = sourcecode.swift; path = TracksViewController.swift; sourceTree = "<group>"; };
		8B41539429F93A2E00FD6DD8 /* Base */ = {isa = PBXFileReference; lastKnownFileType = file.storyboard; name = Base; path = Base.lproj/Main.storyboard; sourceTree = "<group>"; };
		8B41539629F93A2F00FD6DD8 /* Assets.xcassets */ = {isa = PBXFileReference; lastKnownFileType = folder.assetcatalog; path = Assets.xcassets; sourceTree = "<group>"; };
		8B41539929F93A2F00FD6DD8 /* Base */ = {isa = PBXFileReference; lastKnownFileType = file.storyboard; name = Base; path = Base.lproj/LaunchScreen.storyboard; sourceTree = "<group>"; };
		8B41539B29F93A2F00FD6DD8 /* Info.plist */ = {isa = PBXFileReference; lastKnownFileType = text.plist.xml; path = Info.plist; sourceTree = "<group>"; };
		8B4153A529F93AF700FD6DD8 /* TracksViewModel.swift */ = {isa = PBXFileReference; lastKnownFileType = sourcecode.swift; path = TracksViewModel.swift; sourceTree = "<group>"; };
		8B4153A729F93B3900FD6DD8 /* Track.swift */ = {isa = PBXFileReference; lastKnownFileType = sourcecode.swift; path = Track.swift; sourceTree = "<group>"; };
		8B4153AA29F93D8000FD6DD8 /* TrackService.swift */ = {isa = PBXFileReference; lastKnownFileType = sourcecode.swift; path = TrackService.swift; sourceTree = "<group>"; };
		8B4153AC29F94BA400FD6DD8 /* 1.txt */ = {isa = PBXFileReference; fileEncoding = 4; lastKnownFileType = text; name = 1.txt; path = ../../../../Downloads/1.txt; sourceTree = "<group>"; };
		8B4153AF29F94F1400FD6DD8 /* TrackCell.swift */ = {isa = PBXFileReference; lastKnownFileType = sourcecode.swift; path = TrackCell.swift; sourceTree = "<group>"; };
		8B4153B029F94F1400FD6DD8 /* TrackCell.xib */ = {isa = PBXFileReference; lastKnownFileType = file.xib; path = TrackCell.xib; sourceTree = "<group>"; };
		8B4153B329F950BD00FD6DD8 /* Constants.swift */ = {isa = PBXFileReference; lastKnownFileType = sourcecode.swift; path = Constants.swift; sourceTree = "<group>"; };
/* End PBXFileReference section */

/* Begin PBXFrameworksBuildPhase section */
		8B41538729F93A2E00FD6DD8 /* Frameworks */ = {
			isa = PBXFrameworksBuildPhase;
			buildActionMask = 2147483647;
			files = (
			);
			runOnlyForDeploymentPostprocessing = 0;
		};
/* End PBXFrameworksBuildPhase section */

/* Begin PBXGroup section */
		8B41538129F93A2D00FD6DD8 = {
			isa = PBXGroup;
			children = (
				8B41538C29F93A2E00FD6DD8 /* iTunes */,
				8B41538B29F93A2E00FD6DD8 /* Products */,
			);
			sourceTree = "<group>";
		};
		8B41538B29F93A2E00FD6DD8 /* Products */ = {
			isa = PBXGroup;
			children = (
				8B41538A29F93A2E00FD6DD8 /* iTunes.app */,
			);
			name = Products;
			sourceTree = "<group>";
		};
		8B41538C29F93A2E00FD6DD8 /* iTunes */ = {
			isa = PBXGroup;
			children = (
				8B4153AE29F94ED600FD6DD8 /* controller */,
				8B4153A929F93D6600FD6DD8 /* network */,
				8B4153A429F93AA500FD6DD8 /* view */,
				8B4153A329F93A7B00FD6DD8 /* viewModel */,
				8B4153A129F93A6400FD6DD8 /* model */,
				8B41538D29F93A2E00FD6DD8 /* AppDelegate.swift */,
				8B41538F29F93A2E00FD6DD8 /* SceneDelegate.swift */,
				8B41539629F93A2F00FD6DD8 /* Assets.xcassets */,
				8B4153AC29F94BA400FD6DD8 /* 1.txt */,
				8B41539829F93A2F00FD6DD8 /* LaunchScreen.storyboard */,
				8B41539B29F93A2F00FD6DD8 /* Info.plist */,
				8B4153B329F950BD00FD6DD8 /* Constants.swift */,
			);
			path = iTunes;
			sourceTree = "<group>";
		};
		8B4153A129F93A6400FD6DD8 /* model */ = {
			isa = PBXGroup;
			children = (
				8B4153A729F93B3900FD6DD8 /* Track.swift */,
			);
			path = model;
			sourceTree = "<group>";
		};
		8B4153A329F93A7B00FD6DD8 /* viewModel */ = {
			isa = PBXGroup;
			children = (
				8B4153A529F93AF700FD6DD8 /* TracksViewModel.swift */,
			);
			path = viewModel;
			sourceTree = "<group>";
		};
		8B4153A429F93AA500FD6DD8 /* view */ = {
			isa = PBXGroup;
			children = (
				8B41539329F93A2E00FD6DD8 /* Main.storyboard */,
				8B4153AF29F94F1400FD6DD8 /* TrackCell.swift */,
				8B4153B029F94F1400FD6DD8 /* TrackCell.xib */,
			);
			path = view;
			sourceTree = "<group>";
		};
		8B4153A929F93D6600FD6DD8 /* network */ = {
			isa = PBXGroup;
			children = (
				8B4153AA29F93D8000FD6DD8 /* TrackService.swift */,
			);
			path = network;
			sourceTree = "<group>";
		};
		8B4153AE29F94ED600FD6DD8 /* controller */ = {
			isa = PBXGroup;
			children = (
				8B41539129F93A2E00FD6DD8 /* TracksViewController.swift */,
			);
			path = controller;
			sourceTree = "<group>";
		};
/* End PBXGroup section */

/* Begin PBXNativeTarget section */
		8B41538929F93A2E00FD6DD8 /* iTunes */ = {
			isa = PBXNativeTarget;
			buildConfigurationList = 8B41539E29F93A2F00FD6DD8 /* Build configuration list for PBXNativeTarget "iTunes" */;
			buildPhases = (
				8B41538629F93A2E00FD6DD8 /* Sources */,
				8B41538729F93A2E00FD6DD8 /* Frameworks */,
				8B41538829F93A2E00FD6DD8 /* Resources */,
			);
			buildRules = (
			);
			dependencies = (
			);
			name = iTunes;
			productName = iTunes;
			productReference = 8B41538A29F93A2E00FD6DD8 /* iTunes.app */;
			productType = "com.apple.product-type.application";
		};
/* End PBXNativeTarget section */

/* Begin PBXProject section */
		8B41538229F93A2E00FD6DD8 /* Project object */ = {
			isa = PBXProject;
			attributes = {
				BuildIndependentTargetsInParallel = 1;
				LastSwiftUpdateCheck = 1430;
				LastUpgradeCheck = 1430;
				TargetAttributes = {
					8B41538929F93A2E00FD6DD8 = {
						CreatedOnToolsVersion = 14.3;
					};
				};
			};
			buildConfigurationList = 8B41538529F93A2E00FD6DD8 /* Build configuration list for PBXProject "iTunes" */;
			compatibilityVersion = "Xcode 14.0";
			developmentRegion = en;
			hasScannedForEncodings = 0;
			knownRegions = (
				en,
				Base,
			);
			mainGroup = 8B41538129F93A2D00FD6DD8;
			productRefGroup = 8B41538B29F93A2E00FD6DD8 /* Products */;
			projectDirPath = "";
			projectRoot = "";
			targets = (
				8B41538929F93A2E00FD6DD8 /* iTunes */,
			);
		};
/* End PBXProject section */

/* Begin PBXResourcesBuildPhase section */
		8B41538829F93A2E00FD6DD8 /* Resources */ = {
			isa = PBXResourcesBuildPhase;
			buildActionMask = 2147483647;
			files = (
				8B4153AD29F94BA500FD6DD8 /* 1.txt in Resources */,
				8B4153B229F94F1400FD6DD8 /* TrackCell.xib in Resources */,
				8B41539A29F93A2F00FD6DD8 /* LaunchScreen.storyboard in Resources */,
				8B41539729F93A2F00FD6DD8 /* Assets.xcassets in Resources */,
				8B41539529F93A2E00FD6DD8 /* Main.storyboard in Resources */,
			);
			runOnlyForDeploymentPostprocessing = 0;
		};
/* End PBXResourcesBuildPhase section */

/* Begin PBXSourcesBuildPhase section */
		8B41538629F93A2E00FD6DD8 /* Sources */ = {
			isa = PBXSourcesBuildPhase;
			buildActionMask = 2147483647;
			files = (
				8B4153B129F94F1400FD6DD8 /* TrackCell.swift in Sources */,
				8B41539229F93A2E00FD6DD8 /* TracksViewController.swift in Sources */,
				8B4153A829F93B3900FD6DD8 /* Track.swift in Sources */,
				8B41538E29F93A2E00FD6DD8 /* AppDelegate.swift in Sources */,
				8B4153AB29F93D8000FD6DD8 /* TrackService.swift in Sources */,
				8B4153A629F93AF700FD6DD8 /* TracksViewModel.swift in Sources */,
				8B41539029F93A2E00FD6DD8 /* SceneDelegate.swift in Sources */,
				8B4153B429F950BD00FD6DD8 /* Constants.swift in Sources */,
			);
			runOnlyForDeploymentPostprocessing = 0;
		};
/* End PBXSourcesBuildPhase section */

/* Begin PBXVariantGroup section */
		8B41539329F93A2E00FD6DD8 /* Main.storyboard */ = {
			isa = PBXVariantGroup;
			children = (
				8B41539429F93A2E00FD6DD8 /* Base */,
			);
			name = Main.storyboard;
			sourceTree = "<group>";
		};
		8B41539829F93A2F00FD6DD8 /* LaunchScreen.storyboard */ = {
			isa = PBXVariantGroup;
			children = (
				8B41539929F93A2F00FD6DD8 /* Base */,
			);
			name = LaunchScreen.storyboard;
			sourceTree = "<group>";
		};
/* End PBXVariantGroup section */

/* Begin XCBuildConfiguration section */
		8B41539C29F93A2F00FD6DD8 /* Debug */ = {
			isa = XCBuildConfiguration;
			buildSettings = {
				ALWAYS_SEARCH_USER_PATHS = NO;
				CLANG_ANALYZER_NONNULL = YES;
				CLANG_ANALYZER_NUMBER_OBJECT_CONVERSION = YES_AGGRESSIVE;
				CLANG_CXX_LANGUAGE_STANDARD = "gnu++20";
				CLANG_ENABLE_MODULES = YES;
				CLANG_ENABLE_OBJC_ARC = YES;
				CLANG_ENABLE_OBJC_WEAK = YES;
				CLANG_WARN_BLOCK_CAPTURE_AUTORELEASING = YES;
				CLANG_WARN_BOOL_CONVERSION = YES;
				CLANG_WARN_COMMA = YES;
				CLANG_WARN_CONSTANT_CONVERSION = YES;
				CLANG_WARN_DEPRECATED_OBJC_IMPLEMENTATIONS = YES;
				CLANG_WARN_DIRECT_OBJC_ISA_USAGE = YES_ERROR;
				CLANG_WARN_DOCUMENTATION_COMMENTS = YES;
				CLANG_WARN_EMPTY_BODY = YES;
				CLANG_WARN_ENUM_CONVERSION = YES;
				CLANG_WARN_INFINITE_RECURSION = YES;
				CLANG_WARN_INT_CONVERSION = YES;
				CLANG_WARN_NON_LITERAL_NULL_CONVERSION = YES;
				CLANG_WARN_OBJC_IMPLICIT_RETAIN_SELF = YES;
				CLANG_WARN_OBJC_LITERAL_CONVERSION = YES;
				CLANG_WARN_OBJC_ROOT_CLASS = YES_ERROR;
				CLANG_WARN_QUOTED_INCLUDE_IN_FRAMEWORK_HEADER = YES;
				CLANG_WARN_RANGE_LOOP_ANALYSIS = YES;
				CLANG_WARN_STRICT_PROTOTYPES = YES;
				CLANG_WARN_SUSPICIOUS_MOVE = YES;
				CLANG_WARN_UNGUARDED_AVAILABILITY = YES_AGGRESSIVE;
				CLANG_WARN_UNREACHABLE_CODE = YES;
				CLANG_WARN__DUPLICATE_METHOD_MATCH = YES;
				COPY_PHASE_STRIP = NO;
				DEBUG_INFORMATION_FORMAT = dwarf;
				ENABLE_STRICT_OBJC_MSGSEND = YES;
				ENABLE_TESTABILITY = YES;
				GCC_C_LANGUAGE_STANDARD = gnu11;
				GCC_DYNAMIC_NO_PIC = NO;
				GCC_NO_COMMON_BLOCKS = YES;
				GCC_OPTIMIZATION_LEVEL = 0;
				GCC_PREPROCESSOR_DEFINITIONS = (
					"DEBUG=1",
					"$(inherited)",
				);
				GCC_WARN_64_TO_32_BIT_CONVERSION = YES;
				GCC_WARN_ABOUT_RETURN_TYPE = YES_ERROR;
				GCC_WARN_UNDECLARED_SELECTOR = YES;
				GCC_WARN_UNINITIALIZED_AUTOS = YES_AGGRESSIVE;
				GCC_WARN_UNUSED_FUNCTION = YES;
				GCC_WARN_UNUSED_VARIABLE = YES;
				IPHONEOS_DEPLOYMENT_TARGET = 16.4;
				MTL_ENABLE_DEBUG_INFO = INCLUDE_SOURCE;
				MTL_FAST_MATH = YES;
				ONLY_ACTIVE_ARCH = YES;
				SDKROOT = iphoneos;
				SWIFT_ACTIVE_COMPILATION_CONDITIONS = DEBUG;
				SWIFT_OPTIMIZATION_LEVEL = "-Onone";
			};
			name = Debug;
		};
		8B41539D29F93A2F00FD6DD8 /* Release */ = {
			isa = XCBuildConfiguration;
			buildSettings = {
				ALWAYS_SEARCH_USER_PATHS = NO;
				CLANG_ANALYZER_NONNULL = YES;
				CLANG_ANALYZER_NUMBER_OBJECT_CONVERSION = YES_AGGRESSIVE;
				CLANG_CXX_LANGUAGE_STANDARD = "gnu++20";
				CLANG_ENABLE_MODULES = YES;
				CLANG_ENABLE_OBJC_ARC = YES;
				CLANG_ENABLE_OBJC_WEAK = YES;
				CLANG_WARN_BLOCK_CAPTURE_AUTORELEASING = YES;
				CLANG_WARN_BOOL_CONVERSION = YES;
				CLANG_WARN_COMMA = YES;
				CLANG_WARN_CONSTANT_CONVERSION = YES;
				CLANG_WARN_DEPRECATED_OBJC_IMPLEMENTATIONS = YES;
				CLANG_WARN_DIRECT_OBJC_ISA_USAGE = YES_ERROR;
				CLANG_WARN_DOCUMENTATION_COMMENTS = YES;
				CLANG_WARN_EMPTY_BODY = YES;
				CLANG_WARN_ENUM_CONVERSION = YES;
				CLANG_WARN_INFINITE_RECURSION = YES;
				CLANG_WARN_INT_CONVERSION = YES;
				CLANG_WARN_NON_LITERAL_NULL_CONVERSION = YES;
				CLANG_WARN_OBJC_IMPLICIT_RETAIN_SELF = YES;
				CLANG_WARN_OBJC_LITERAL_CONVERSION = YES;
				CLANG_WARN_OBJC_ROOT_CLASS = YES_ERROR;
				CLANG_WARN_QUOTED_INCLUDE_IN_FRAMEWORK_HEADER = YES;
				CLANG_WARN_RANGE_LOOP_ANALYSIS = YES;
				CLANG_WARN_STRICT_PROTOTYPES = YES;
				CLANG_WARN_SUSPICIOUS_MOVE = YES;
				CLANG_WARN_UNGUARDED_AVAILABILITY = YES_AGGRESSIVE;
				CLANG_WARN_UNREACHABLE_CODE = YES;
				CLANG_WARN__DUPLICATE_METHOD_MATCH = YES;
				COPY_PHASE_STRIP = NO;
				DEBUG_INFORMATION_FORMAT = "dwarf-with-dsym";
				ENABLE_NS_ASSERTIONS = NO;
				ENABLE_STRICT_OBJC_MSGSEND = YES;
				GCC_C_LANGUAGE_STANDARD = gnu11;
				GCC_NO_COMMON_BLOCKS = YES;
				GCC_WARN_64_TO_32_BIT_CONVERSION = YES;
				GCC_WARN_ABOUT_RETURN_TYPE = YES_ERROR;
				GCC_WARN_UNDECLARED_SELECTOR = YES;
				GCC_WARN_UNINITIALIZED_AUTOS = YES_AGGRESSIVE;
				GCC_WARN_UNUSED_FUNCTION = YES;
				GCC_WARN_UNUSED_VARIABLE = YES;
				IPHONEOS_DEPLOYMENT_TARGET = 16.4;
				MTL_ENABLE_DEBUG_INFO = NO;
				MTL_FAST_MATH = YES;
				SDKROOT = iphoneos;
				SWIFT_COMPILATION_MODE = wholemodule;
				SWIFT_OPTIMIZATION_LEVEL = "-O";
				VALIDATE_PRODUCT = YES;
			};
			name = Release;
		};
		8B41539F29F93A2F00FD6DD8 /* Debug */ = {
			isa = XCBuildConfiguration;
			buildSettings = {
				ASSETCATALOG_COMPILER_APPICON_NAME = AppIcon;
				ASSETCATALOG_COMPILER_GLOBAL_ACCENT_COLOR_NAME = AccentColor;
				CODE_SIGN_STYLE = Automatic;
				CURRENT_PROJECT_VERSION = 1;
				GENERATE_INFOPLIST_FILE = YES;
				INFOPLIST_FILE = iTunes/Info.plist;
				INFOPLIST_KEY_UIApplicationSupportsIndirectInputEvents = YES;
				INFOPLIST_KEY_UILaunchStoryboardName = LaunchScreen;
				INFOPLIST_KEY_UIMainStoryboardFile = Main;
				INFOPLIST_KEY_UISupportedInterfaceOrientations_iPad = "UIInterfaceOrientationPortrait UIInterfaceOrientationPortraitUpsideDown UIInterfaceOrientationLandscapeLeft UIInterfaceOrientationLandscapeRight";
				INFOPLIST_KEY_UISupportedInterfaceOrientations_iPhone = "UIInterfaceOrientationPortrait UIInterfaceOrientationLandscapeLeft UIInterfaceOrientationLandscapeRight";
				LD_RUNPATH_SEARCH_PATHS = (
					"$(inherited)",
					"@executable_path/Frameworks",
				);
				MARKETING_VERSION = 1.0;
				PRODUCT_BUNDLE_IDENTIFIER = in.thesupremeone.iTunes;
				PRODUCT_NAME = "$(TARGET_NAME)";
				SWIFT_EMIT_LOC_STRINGS = YES;
				SWIFT_VERSION = 5.0;
				TARGETED_DEVICE_FAMILY = "1,2";
			};
			name = Debug;
		};
		8B4153A029F93A2F00FD6DD8 /* Release */ = {
			isa = XCBuildConfiguration;
			buildSettings = {
				ASSETCATALOG_COMPILER_APPICON_NAME = AppIcon;
				ASSETCATALOG_COMPILER_GLOBAL_ACCENT_COLOR_NAME = AccentColor;
				CODE_SIGN_STYLE = Automatic;
				CURRENT_PROJECT_VERSION = 1;
				GENERATE_INFOPLIST_FILE = YES;
				INFOPLIST_FILE = iTunes/Info.plist;
				INFOPLIST_KEY_UIApplicationSupportsIndirectInputEvents = YES;
				INFOPLIST_KEY_UILaunchStoryboardName = LaunchScreen;
				INFOPLIST_KEY_UIMainStoryboardFile = Main;
				INFOPLIST_KEY_UISupportedInterfaceOrientations_iPad = "UIInterfaceOrientationPortrait UIInterfaceOrientationPortraitUpsideDown UIInterfaceOrientationLandscapeLeft UIInterfaceOrientationLandscapeRight";
				INFOPLIST_KEY_UISupportedInterfaceOrientations_iPhone = "UIInterfaceOrientationPortrait UIInterfaceOrientationLandscapeLeft UIInterfaceOrientationLandscapeRight";
				LD_RUNPATH_SEARCH_PATHS = (
					"$(inherited)",
					"@executable_path/Frameworks",
				);
				MARKETING_VERSION = 1.0;
				PRODUCT_BUNDLE_IDENTIFIER = in.thesupremeone.iTunes;
				PRODUCT_NAME = "$(TARGET_NAME)";
				SWIFT_EMIT_LOC_STRINGS = YES;
				SWIFT_VERSION = 5.0;
				TARGETED_DEVICE_FAMILY = "1,2";
			};
			name = Release;
		};
/* End XCBuildConfiguration section */

/* Begin XCConfigurationList section */
		8B41538529F93A2E00FD6DD8 /* Build configuration list for PBXProject "iTunes" */ = {
			isa = XCConfigurationList;
			buildConfigurations = (
				8B41539C29F93A2F00FD6DD8 /* Debug */,
				8B41539D29F93A2F00FD6DD8 /* Release */,
			);
			defaultConfigurationIsVisible = 0;
			defaultConfigurationName = Release;
		};
		8B41539E29F93A2F00FD6DD8 /* Build configuration list for PBXNativeTarget "iTunes" */ = {
			isa = XCConfigurationList;
			buildConfigurations = (
				8B41539F29F93A2F00FD6DD8 /* Debug */,
				8B4153A029F93A2F00FD6DD8 /* Release */,
			);
			defaultConfigurationIsVisible = 0;
			defaultConfigurationName = Release;
		};
/* End XCConfigurationList section */
	};
	rootObject = 8B41538229F93A2E00FD6DD8 /* Project object */;
}
